
Microsoft Visual Studio Solution File, Format Version 12.00
# Visual Studio 15
VisualStudioVersion = 15.0.26124.0
MinimumVisualStudioVersion = 15.0.26124.0
Project("{2150E333-8FDC-42A3-9474-1A3956D46DE8}") = "Code", "Code", "{162F4524-8DA8-49EB-9F9D-9C97CE58D7ED}"
EndProject
Project("{FAE04EC0-301F-11D3-BF4B-00C04F79EFBC}") = "product.Api", "Code\product.Api\product.Api.csproj", "{6BB40585-57DB-4963-9C87-60798B6F17F5}"
EndProject
Project("{FAE04EC0-301F-11D3-BF4B-00C04F79EFBC}") = "product.Business", "Code\product.Business\product.Business.csproj", "{A952C4D0-4372-40B9-ACD1-579F1AEB2F4B}"
EndProject
Project("{FAE04EC0-301F-11D3-BF4B-00C04F79EFBC}") = "product.Data", "Code\product.Data\product.Data.csproj", "{49C9BFA7-7EF8-4056-9097-58ECD7BC2AA2}"
EndProject
Project("{FAE04EC0-301F-11D3-BF4B-00C04F79EFBC}") = "product.Entities", "Code\product.Entities\product.Entities.csproj", "{22EEE6B3-6D3A-4E14-9ABD-1AA07A50C9BE}"
EndProject
Project("{FAE04EC0-301F-11D3-BF4B-00C04F79EFBC}") = "product.Test.Api", "Code\product.Test.Api\product.Test.Api.csproj", "{8CD6ACC6-5680-4550-8180-7C1A8D55B947}"
EndProject
Project("{FAE04EC0-301F-11D3-BF4B-00C04F79EFBC}") = "product.Test.Business", "Code\product.Test.Business\product.Test.Business.csproj", "{BAA4A723-62EA-4A21-997B-739032B0AF3F}"
EndProject
Project("{FAE04EC0-301F-11D3-BF4B-00C04F79EFBC}") = "product.Test.Framework", "Code\product.Test.Framework\product.Test.Framework.csproj", "{94202CB2-A27B-4845-9D3E-4EE91AFE5773}"
EndProject
Project("{2150E333-8FDC-42A3-9474-1A3956D46DE8}") = "Test", "Test", "{6ED465A1-8ACB-4ACD-BFF7-9F484C556006}"
EndProject
Global
	GlobalSection(SolutionConfigurationPlatforms) = preSolution
		Debug|Any CPU = Debug|Any CPU
		Debug|x64 = Debug|x64
		Debug|x86 = Debug|x86
		Release|Any CPU = Release|Any CPU
		Release|x64 = Release|x64
		Release|x86 = Release|x86
	EndGlobalSection
	GlobalSection(SolutionProperties) = preSolution
		HideSolutionNode = FALSE
	EndGlobalSection
	GlobalSection(ProjectConfigurationPlatforms) = postSolution
		{6BB40585-57DB-4963-9C87-60798B6F17F5}.Debug|Any CPU.ActiveCfg = Debug|Any CPU
		{6BB40585-57DB-4963-9C87-60798B6F17F5}.Debug|Any CPU.Build.0 = Debug|Any CPU
		{6BB40585-57DB-4963-9C87-60798B6F17F5}.Debug|x64.ActiveCfg = Debug|Any CPU
		{6BB40585-57DB-4963-9C87-60798B6F17F5}.Debug|x64.Build.0 = Debug|Any CPU
		{6BB40585-57DB-4963-9C87-60798B6F17F5}.Debug|x86.ActiveCfg = Debug|Any CPU
		{6BB40585-57DB-4963-9C87-60798B6F17F5}.Debug|x86.Build.0 = Debug|Any CPU
		{6BB40585-57DB-4963-9C87-60798B6F17F5}.Release|Any CPU.ActiveCfg = Release|Any CPU
		{6BB40585-57DB-4963-9C87-60798B6F17F5}.Release|Any CPU.Build.0 = Release|Any CPU
		{6BB40585-57DB-4963-9C87-60798B6F17F5}.Release|x64.ActiveCfg = Release|Any CPU
		{6BB40585-57DB-4963-9C87-60798B6F17F5}.Release|x64.Build.0 = Release|Any CPU
		{6BB40585-57DB-4963-9C87-60798B6F17F5}.Release|x86.ActiveCfg = Release|Any CPU
		{6BB40585-57DB-4963-9C87-60798B6F17F5}.Release|x86.Build.0 = Release|Any CPU
		{A952C4D0-4372-40B9-ACD1-579F1AEB2F4B}.Debug|Any CPU.ActiveCfg = Debug|Any CPU
		{A952C4D0-4372-40B9-ACD1-579F1AEB2F4B}.Debug|Any CPU.Build.0 = Debug|Any CPU
		{A952C4D0-4372-40B9-ACD1-579F1AEB2F4B}.Debug|x64.ActiveCfg = Debug|Any CPU
		{A952C4D0-4372-40B9-ACD1-579F1AEB2F4B}.Debug|x64.Build.0 = Debug|Any CPU
		{A952C4D0-4372-40B9-ACD1-579F1AEB2F4B}.Debug|x86.ActiveCfg = Debug|Any CPU
		{A952C4D0-4372-40B9-ACD1-579F1AEB2F4B}.Debug|x86.Build.0 = Debug|Any CPU
		{A952C4D0-4372-40B9-ACD1-579F1AEB2F4B}.Release|Any CPU.ActiveCfg = Release|Any CPU
		{A952C4D0-4372-40B9-ACD1-579F1AEB2F4B}.Release|Any CPU.Build.0 = Release|Any CPU
		{A952C4D0-4372-40B9-ACD1-579F1AEB2F4B}.Release|x64.ActiveCfg = Release|Any CPU
		{A952C4D0-4372-40B9-ACD1-579F1AEB2F4B}.Release|x64.Build.0 = Release|Any CPU
		{A952C4D0-4372-40B9-ACD1-579F1AEB2F4B}.Release|x86.ActiveCfg = Release|Any CPU
		{A952C4D0-4372-40B9-ACD1-579F1AEB2F4B}.Release|x86.Build.0 = Release|Any CPU
		{49C9BFA7-7EF8-4056-9097-58ECD7BC2AA2}.Debug|Any CPU.ActiveCfg = Debug|Any CPU
		{49C9BFA7-7EF8-4056-9097-58ECD7BC2AA2}.Debug|Any CPU.Build.0 = Debug|Any CPU
		{49C9BFA7-7EF8-4056-9097-58ECD7BC2AA2}.Debug|x64.ActiveCfg = Debug|Any CPU
		{49C9BFA7-7EF8-4056-9097-58ECD7BC2AA2}.Debug|x64.Build.0 = Debug|Any CPU
		{49C9BFA7-7EF8-4056-9097-58ECD7BC2AA2}.Debug|x86.ActiveCfg = Debug|Any CPU
		{49C9BFA7-7EF8-4056-9097-58ECD7BC2AA2}.Debug|x86.Build.0 = Debug|Any CPU
		{49C9BFA7-7EF8-4056-9097-58ECD7BC2AA2}.Release|Any CPU.ActiveCfg = Release|Any CPU
		{49C9BFA7-7EF8-4056-9097-58ECD7BC2AA2}.Release|Any CPU.Build.0 = Release|Any CPU
		{49C9BFA7-7EF8-4056-9097-58ECD7BC2AA2}.Release|x64.ActiveCfg = Release|Any CPU
		{49C9BFA7-7EF8-4056-9097-58ECD7BC2AA2}.Release|x64.Build.0 = Release|Any CPU
		{49C9BFA7-7EF8-4056-9097-58ECD7BC2AA2}.Release|x86.ActiveCfg = Release|Any CPU
		{49C9BFA7-7EF8-4056-9097-58ECD7BC2AA2}.Release|x86.Build.0 = Release|Any CPU
		{22EEE6B3-6D3A-4E14-9ABD-1AA07A50C9BE}.Debug|Any CPU.ActiveCfg = Debug|Any CPU
		{22EEE6B3-6D3A-4E14-9ABD-1AA07A50C9BE}.Debug|Any CPU.Build.0 = Debug|Any CPU
		{22EEE6B3-6D3A-4E14-9ABD-1AA07A50C9BE}.Debug|x64.ActiveCfg = Debug|Any CPU
		{22EEE6B3-6D3A-4E14-9ABD-1AA07A50C9BE}.Debug|x64.Build.0 = Debug|Any CPU
		{22EEE6B3-6D3A-4E14-9ABD-1AA07A50C9BE}.Debug|x86.ActiveCfg = Debug|Any CPU
		{22EEE6B3-6D3A-4E14-9ABD-1AA07A50C9BE}.Debug|x86.Build.0 = Debug|Any CPU
		{22EEE6B3-6D3A-4E14-9ABD-1AA07A50C9BE}.Release|Any CPU.ActiveCfg = Release|Any CPU
		{22EEE6B3-6D3A-4E14-9ABD-1AA07A50C9BE}.Release|Any CPU.Build.0 = Release|Any CPU
		{22EEE6B3-6D3A-4E14-9ABD-1AA07A50C9BE}.Release|x64.ActiveCfg = Release|Any CPU
		{22EEE6B3-6D3A-4E14-9ABD-1AA07A50C9BE}.Release|x64.Build.0 = Release|Any CPU
		{22EEE6B3-6D3A-4E14-9ABD-1AA07A50C9BE}.Release|x86.ActiveCfg = Release|Any CPU
		{22EEE6B3-6D3A-4E14-9ABD-1AA07A50C9BE}.Release|x86.Build.0 = Release|Any CPU
		{8CD6ACC6-5680-4550-8180-7C1A8D55B947}.Debug|Any CPU.ActiveCfg = Debug|Any CPU
		{8CD6ACC6-5680-4550-8180-7C1A8D55B947}.Debug|Any CPU.Build.0 = Debug|Any CPU
		{8CD6ACC6-5680-4550-8180-7C1A8D55B947}.Debug|x64.ActiveCfg = Debug|Any CPU
		{8CD6ACC6-5680-4550-8180-7C1A8D55B947}.Debug|x64.Build.0 = Debug|Any CPU
		{8CD6ACC6-5680-4550-8180-7C1A8D55B947}.Debug|x86.ActiveCfg = Debug|Any CPU
		{8CD6ACC6-5680-4550-8180-7C1A8D55B947}.Debug|x86.Build.0 = Debug|Any CPU
		{8CD6ACC6-5680-4550-8180-7C1A8D55B947}.Release|Any CPU.ActiveCfg = Release|Any CPU
		{8CD6ACC6-5680-4550-8180-7C1A8D55B947}.Release|Any CPU.Build.0 = Release|Any CPU
		{8CD6ACC6-5680-4550-8180-7C1A8D55B947}.Release|x64.ActiveCfg = Release|Any CPU
		{8CD6ACC6-5680-4550-8180-7C1A8D55B947}.Release|x64.Build.0 = Release|Any CPU
		{8CD6ACC6-5680-4550-8180-7C1A8D55B947}.Release|x86.ActiveCfg = Release|Any CPU
		{8CD6ACC6-5680-4550-8180-7C1A8D55B947}.Release|x86.Build.0 = Release|Any CPU
		{BAA4A723-62EA-4A21-997B-739032B0AF3F}.Debug|Any CPU.ActiveCfg = Debug|Any CPU
		{BAA4A723-62EA-4A21-997B-739032B0AF3F}.Debug|Any CPU.Build.0 = Debug|Any CPU
		{BAA4A723-62EA-4A21-997B-739032B0AF3F}.Debug|x64.ActiveCfg = Debug|Any CPU
		{BAA4A723-62EA-4A21-997B-739032B0AF3F}.Debug|x64.Build.0 = Debug|Any CPU
		{BAA4A723-62EA-4A21-997B-739032B0AF3F}.Debug|x86.ActiveCfg = Debug|Any CPU
		{BAA4A723-62EA-4A21-997B-739032B0AF3F}.Debug|x86.Build.0 = Debug|Any CPU
		{BAA4A723-62EA-4A21-997B-739032B0AF3F}.Release|Any CPU.ActiveCfg = Release|Any CPU
		{BAA4A723-62EA-4A21-997B-739032B0AF3F}.Release|Any CPU.Build.0 = Release|Any CPU
		{BAA4A723-62EA-4A21-997B-739032B0AF3F}.Release|x64.ActiveCfg = Release|Any CPU
		{BAA4A723-62EA-4A21-997B-739032B0AF3F}.Release|x64.Build.0 = Release|Any CPU
		{BAA4A723-62EA-4A21-997B-739032B0AF3F}.Release|x86.ActiveCfg = Release|Any CPU
		{BAA4A723-62EA-4A21-997B-739032B0AF3F}.Release|x86.Build.0 = Release|Any CPU
		{94202CB2-A27B-4845-9D3E-4EE91AFE5773}.Debug|Any CPU.ActiveCfg = Debug|Any CPU
		{94202CB2-A27B-4845-9D3E-4EE91AFE5773}.Debug|Any CPU.Build.0 = Debug|Any CPU
		{94202CB2-A27B-4845-9D3E-4EE91AFE5773}.Debug|x64.ActiveCfg = Debug|Any CPU
		{94202CB2-A27B-4845-9D3E-4EE91AFE5773}.Debug|x64.Build.0 = Debug|Any CPU
		{94202CB2-A27B-4845-9D3E-4EE91AFE5773}.Debug|x86.ActiveCfg = Debug|Any CPU
		{94202CB2-A27B-4845-9D3E-4EE91AFE5773}.Debug|x86.Build.0 = Debug|Any CPU
		{94202CB2-A27B-4845-9D3E-4EE91AFE5773}.Release|Any CPU.ActiveCfg = Release|Any CPU
		{94202CB2-A27B-4845-9D3E-4EE91AFE5773}.Release|Any CPU.Build.0 = Release|Any CPU
		{94202CB2-A27B-4845-9D3E-4EE91AFE5773}.Release|x64.ActiveCfg = Release|Any CPU
		{94202CB2-A27B-4845-9D3E-4EE91AFE5773}.Release|x64.Build.0 = Release|Any CPU
		{94202CB2-A27B-4845-9D3E-4EE91AFE5773}.Release|x86.ActiveCfg = Release|Any CPU
		{94202CB2-A27B-4845-9D3E-4EE91AFE5773}.Release|x86.Build.0 = Release|Any CPU
	EndGlobalSection
	GlobalSection(NestedProjects) = preSolution
		{6BB40585-57DB-4963-9C87-60798B6F17F5} = {162F4524-8DA8-49EB-9F9D-9C97CE58D7ED}
		{A952C4D0-4372-40B9-ACD1-579F1AEB2F4B} = {162F4524-8DA8-49EB-9F9D-9C97CE58D7ED}
		{49C9BFA7-7EF8-4056-9097-58ECD7BC2AA2} = {162F4524-8DA8-49EB-9F9D-9C97CE58D7ED}
		{22EEE6B3-6D3A-4E14-9ABD-1AA07A50C9BE} = {162F4524-8DA8-49EB-9F9D-9C97CE58D7ED}
		{8CD6ACC6-5680-4550-8180-7C1A8D55B947} = {6ED465A1-8ACB-4ACD-BFF7-9F484C556006}
		{BAA4A723-62EA-4A21-997B-739032B0AF3F} = {6ED465A1-8ACB-4ACD-BFF7-9F484C556006}
		{94202CB2-A27B-4845-9D3E-4EE91AFE5773} = {6ED465A1-8ACB-4ACD-BFF7-9F484C556006}
	EndGlobalSection
EndGlobal
