
Microsoft Visual Studio Solution File, Format Version 12.00
# Visual Studio 15
VisualStudioVersion = 15.0.26124.0
MinimumVisualStudioVersion = 15.0.26124.0
Project("{2150E333-8FDC-42A3-9474-1A3956D46DE8}") = "Code", "Code", "{20A5EB2F-377A-4A53-A5D8-6C7BFA7B6B6E}"
EndProject
Project("{FAE04EC0-301F-11D3-BF4B-00C04F79EFBC}") = "SampComp.Api", "Code\SampComp.Api\SampComp.Api.csproj", "{D776025E-E0D0-4384-AF22-65C3DAA911CE}"
EndProject
Project("{FAE04EC0-301F-11D3-BF4B-00C04F79EFBC}") = "SampComp.Business", "Code\SampComp.Business\SampComp.Business.csproj", "{FD297C34-6C21-49A4-8AD3-F4F47A1E0E79}"
EndProject
Project("{FAE04EC0-301F-11D3-BF4B-00C04F79EFBC}") = "SampComp.Data", "Code\SampComp.Data\SampComp.Data.csproj", "{C76A4630-5385-4980-BE3E-9DCD04712C70}"
EndProject
Project("{FAE04EC0-301F-11D3-BF4B-00C04F79EFBC}") = "SampComp.Entities", "Code\SampComp.Entities\SampComp.Entities.csproj", "{45511E14-0680-4BD8-BFC0-0D36CF7CFF68}"
EndProject
Project("{FAE04EC0-301F-11D3-BF4B-00C04F79EFBC}") = "SampComp.Test.Api", "Code\SampComp.Test.Api\SampComp.Test.Api.csproj", "{9FB98542-D767-451C-9554-0F0411B9D2DF}"
EndProject
Project("{FAE04EC0-301F-11D3-BF4B-00C04F79EFBC}") = "SampComp.Test.Business", "Code\SampComp.Test.Business\SampComp.Test.Business.csproj", "{5F484F6B-75A1-4721-9F62-F366EBD38428}"
EndProject
Project("{FAE04EC0-301F-11D3-BF4B-00C04F79EFBC}") = "SampComp.Test.Framework", "Code\SampComp.Test.Framework\SampComp.Test.Framework.csproj", "{B7FC5C03-2E2E-42D1-8BF8-E124D540D492}"
EndProject
Project("{2150E333-8FDC-42A3-9474-1A3956D46DE8}") = "Test", "Test", "{621D425A-AB43-4A37-9109-C1E6E71317AC}"
EndProject
Global
	GlobalSection(SolutionConfigurationPlatforms) = preSolution
		Debug|Any CPU = Debug|Any CPU
		Debug|x64 = Debug|x64
		Debug|x86 = Debug|x86
		Release|Any CPU = Release|Any CPU
		Release|x64 = Release|x64
		Release|x86 = Release|x86
	EndGlobalSection
	GlobalSection(SolutionProperties) = preSolution
		HideSolutionNode = FALSE
	EndGlobalSection
	GlobalSection(ProjectConfigurationPlatforms) = postSolution
		{D776025E-E0D0-4384-AF22-65C3DAA911CE}.Debug|Any CPU.ActiveCfg = Debug|Any CPU
		{D776025E-E0D0-4384-AF22-65C3DAA911CE}.Debug|Any CPU.Build.0 = Debug|Any CPU
		{D776025E-E0D0-4384-AF22-65C3DAA911CE}.Debug|x64.ActiveCfg = Debug|Any CPU
		{D776025E-E0D0-4384-AF22-65C3DAA911CE}.Debug|x64.Build.0 = Debug|Any CPU
		{D776025E-E0D0-4384-AF22-65C3DAA911CE}.Debug|x86.ActiveCfg = Debug|Any CPU
		{D776025E-E0D0-4384-AF22-65C3DAA911CE}.Debug|x86.Build.0 = Debug|Any CPU
		{D776025E-E0D0-4384-AF22-65C3DAA911CE}.Release|Any CPU.ActiveCfg = Release|Any CPU
		{D776025E-E0D0-4384-AF22-65C3DAA911CE}.Release|Any CPU.Build.0 = Release|Any CPU
		{D776025E-E0D0-4384-AF22-65C3DAA911CE}.Release|x64.ActiveCfg = Release|Any CPU
		{D776025E-E0D0-4384-AF22-65C3DAA911CE}.Release|x64.Build.0 = Release|Any CPU
		{D776025E-E0D0-4384-AF22-65C3DAA911CE}.Release|x86.ActiveCfg = Release|Any CPU
		{D776025E-E0D0-4384-AF22-65C3DAA911CE}.Release|x86.Build.0 = Release|Any CPU
		{FD297C34-6C21-49A4-8AD3-F4F47A1E0E79}.Debug|Any CPU.ActiveCfg = Debug|Any CPU
		{FD297C34-6C21-49A4-8AD3-F4F47A1E0E79}.Debug|Any CPU.Build.0 = Debug|Any CPU
		{FD297C34-6C21-49A4-8AD3-F4F47A1E0E79}.Debug|x64.ActiveCfg = Debug|Any CPU
		{FD297C34-6C21-49A4-8AD3-F4F47A1E0E79}.Debug|x64.Build.0 = Debug|Any CPU
		{FD297C34-6C21-49A4-8AD3-F4F47A1E0E79}.Debug|x86.ActiveCfg = Debug|Any CPU
		{FD297C34-6C21-49A4-8AD3-F4F47A1E0E79}.Debug|x86.Build.0 = Debug|Any CPU
		{FD297C34-6C21-49A4-8AD3-F4F47A1E0E79}.Release|Any CPU.ActiveCfg = Release|Any CPU
		{FD297C34-6C21-49A4-8AD3-F4F47A1E0E79}.Release|Any CPU.Build.0 = Release|Any CPU
		{FD297C34-6C21-49A4-8AD3-F4F47A1E0E79}.Release|x64.ActiveCfg = Release|Any CPU
		{FD297C34-6C21-49A4-8AD3-F4F47A1E0E79}.Release|x64.Build.0 = Release|Any CPU
		{FD297C34-6C21-49A4-8AD3-F4F47A1E0E79}.Release|x86.ActiveCfg = Release|Any CPU
		{FD297C34-6C21-49A4-8AD3-F4F47A1E0E79}.Release|x86.Build.0 = Release|Any CPU
		{C76A4630-5385-4980-BE3E-9DCD04712C70}.Debug|Any CPU.ActiveCfg = Debug|Any CPU
		{C76A4630-5385-4980-BE3E-9DCD04712C70}.Debug|Any CPU.Build.0 = Debug|Any CPU
		{C76A4630-5385-4980-BE3E-9DCD04712C70}.Debug|x64.ActiveCfg = Debug|Any CPU
		{C76A4630-5385-4980-BE3E-9DCD04712C70}.Debug|x64.Build.0 = Debug|Any CPU
		{C76A4630-5385-4980-BE3E-9DCD04712C70}.Debug|x86.ActiveCfg = Debug|Any CPU
		{C76A4630-5385-4980-BE3E-9DCD04712C70}.Debug|x86.Build.0 = Debug|Any CPU
		{C76A4630-5385-4980-BE3E-9DCD04712C70}.Release|Any CPU.ActiveCfg = Release|Any CPU
		{C76A4630-5385-4980-BE3E-9DCD04712C70}.Release|Any CPU.Build.0 = Release|Any CPU
		{C76A4630-5385-4980-BE3E-9DCD04712C70}.Release|x64.ActiveCfg = Release|Any CPU
		{C76A4630-5385-4980-BE3E-9DCD04712C70}.Release|x64.Build.0 = Release|Any CPU
		{C76A4630-5385-4980-BE3E-9DCD04712C70}.Release|x86.ActiveCfg = Release|Any CPU
		{C76A4630-5385-4980-BE3E-9DCD04712C70}.Release|x86.Build.0 = Release|Any CPU
		{45511E14-0680-4BD8-BFC0-0D36CF7CFF68}.Debug|Any CPU.ActiveCfg = Debug|Any CPU
		{45511E14-0680-4BD8-BFC0-0D36CF7CFF68}.Debug|Any CPU.Build.0 = Debug|Any CPU
		{45511E14-0680-4BD8-BFC0-0D36CF7CFF68}.Debug|x64.ActiveCfg = Debug|Any CPU
		{45511E14-0680-4BD8-BFC0-0D36CF7CFF68}.Debug|x64.Build.0 = Debug|Any CPU
		{45511E14-0680-4BD8-BFC0-0D36CF7CFF68}.Debug|x86.ActiveCfg = Debug|Any CPU
		{45511E14-0680-4BD8-BFC0-0D36CF7CFF68}.Debug|x86.Build.0 = Debug|Any CPU
		{45511E14-0680-4BD8-BFC0-0D36CF7CFF68}.Release|Any CPU.ActiveCfg = Release|Any CPU
		{45511E14-0680-4BD8-BFC0-0D36CF7CFF68}.Release|Any CPU.Build.0 = Release|Any CPU
		{45511E14-0680-4BD8-BFC0-0D36CF7CFF68}.Release|x64.ActiveCfg = Release|Any CPU
		{45511E14-0680-4BD8-BFC0-0D36CF7CFF68}.Release|x64.Build.0 = Release|Any CPU
		{45511E14-0680-4BD8-BFC0-0D36CF7CFF68}.Release|x86.ActiveCfg = Release|Any CPU
		{45511E14-0680-4BD8-BFC0-0D36CF7CFF68}.Release|x86.Build.0 = Release|Any CPU
		{9FB98542-D767-451C-9554-0F0411B9D2DF}.Debug|Any CPU.ActiveCfg = Debug|Any CPU
		{9FB98542-D767-451C-9554-0F0411B9D2DF}.Debug|Any CPU.Build.0 = Debug|Any CPU
		{9FB98542-D767-451C-9554-0F0411B9D2DF}.Debug|x64.ActiveCfg = Debug|Any CPU
		{9FB98542-D767-451C-9554-0F0411B9D2DF}.Debug|x64.Build.0 = Debug|Any CPU
		{9FB98542-D767-451C-9554-0F0411B9D2DF}.Debug|x86.ActiveCfg = Debug|Any CPU
		{9FB98542-D767-451C-9554-0F0411B9D2DF}.Debug|x86.Build.0 = Debug|Any CPU
		{9FB98542-D767-451C-9554-0F0411B9D2DF}.Release|Any CPU.ActiveCfg = Release|Any CPU
		{9FB98542-D767-451C-9554-0F0411B9D2DF}.Release|Any CPU.Build.0 = Release|Any CPU
		{9FB98542-D767-451C-9554-0F0411B9D2DF}.Release|x64.ActiveCfg = Release|Any CPU
		{9FB98542-D767-451C-9554-0F0411B9D2DF}.Release|x64.Build.0 = Release|Any CPU
		{9FB98542-D767-451C-9554-0F0411B9D2DF}.Release|x86.ActiveCfg = Release|Any CPU
		{9FB98542-D767-451C-9554-0F0411B9D2DF}.Release|x86.Build.0 = Release|Any CPU
		{5F484F6B-75A1-4721-9F62-F366EBD38428}.Debug|Any CPU.ActiveCfg = Debug|Any CPU
		{5F484F6B-75A1-4721-9F62-F366EBD38428}.Debug|Any CPU.Build.0 = Debug|Any CPU
		{5F484F6B-75A1-4721-9F62-F366EBD38428}.Debug|x64.ActiveCfg = Debug|Any CPU
		{5F484F6B-75A1-4721-9F62-F366EBD38428}.Debug|x64.Build.0 = Debug|Any CPU
		{5F484F6B-75A1-4721-9F62-F366EBD38428}.Debug|x86.ActiveCfg = Debug|Any CPU
		{5F484F6B-75A1-4721-9F62-F366EBD38428}.Debug|x86.Build.0 = Debug|Any CPU
		{5F484F6B-75A1-4721-9F62-F366EBD38428}.Release|Any CPU.ActiveCfg = Release|Any CPU
		{5F484F6B-75A1-4721-9F62-F366EBD38428}.Release|Any CPU.Build.0 = Release|Any CPU
		{5F484F6B-75A1-4721-9F62-F366EBD38428}.Release|x64.ActiveCfg = Release|Any CPU
		{5F484F6B-75A1-4721-9F62-F366EBD38428}.Release|x64.Build.0 = Release|Any CPU
		{5F484F6B-75A1-4721-9F62-F366EBD38428}.Release|x86.ActiveCfg = Release|Any CPU
		{5F484F6B-75A1-4721-9F62-F366EBD38428}.Release|x86.Build.0 = Release|Any CPU
		{B7FC5C03-2E2E-42D1-8BF8-E124D540D492}.Debug|Any CPU.ActiveCfg = Debug|Any CPU
		{B7FC5C03-2E2E-42D1-8BF8-E124D540D492}.Debug|Any CPU.Build.0 = Debug|Any CPU
		{B7FC5C03-2E2E-42D1-8BF8-E124D540D492}.Debug|x64.ActiveCfg = Debug|Any CPU
		{B7FC5C03-2E2E-42D1-8BF8-E124D540D492}.Debug|x64.Build.0 = Debug|Any CPU
		{B7FC5C03-2E2E-42D1-8BF8-E124D540D492}.Debug|x86.ActiveCfg = Debug|Any CPU
		{B7FC5C03-2E2E-42D1-8BF8-E124D540D492}.Debug|x86.Build.0 = Debug|Any CPU
		{B7FC5C03-2E2E-42D1-8BF8-E124D540D492}.Release|Any CPU.ActiveCfg = Release|Any CPU
		{B7FC5C03-2E2E-42D1-8BF8-E124D540D492}.Release|Any CPU.Build.0 = Release|Any CPU
		{B7FC5C03-2E2E-42D1-8BF8-E124D540D492}.Release|x64.ActiveCfg = Release|Any CPU
		{B7FC5C03-2E2E-42D1-8BF8-E124D540D492}.Release|x64.Build.0 = Release|Any CPU
		{B7FC5C03-2E2E-42D1-8BF8-E124D540D492}.Release|x86.ActiveCfg = Release|Any CPU
		{B7FC5C03-2E2E-42D1-8BF8-E124D540D492}.Release|x86.Build.0 = Release|Any CPU
	EndGlobalSection
	GlobalSection(NestedProjects) = preSolution
		{D776025E-E0D0-4384-AF22-65C3DAA911CE} = {20A5EB2F-377A-4A53-A5D8-6C7BFA7B6B6E}
		{FD297C34-6C21-49A4-8AD3-F4F47A1E0E79} = {20A5EB2F-377A-4A53-A5D8-6C7BFA7B6B6E}
		{C76A4630-5385-4980-BE3E-9DCD04712C70} = {20A5EB2F-377A-4A53-A5D8-6C7BFA7B6B6E}
		{45511E14-0680-4BD8-BFC0-0D36CF7CFF68} = {20A5EB2F-377A-4A53-A5D8-6C7BFA7B6B6E}
		{9FB98542-D767-451C-9554-0F0411B9D2DF} = {621D425A-AB43-4A37-9109-C1E6E71317AC}
		{5F484F6B-75A1-4721-9F62-F366EBD38428} = {621D425A-AB43-4A37-9109-C1E6E71317AC}
		{B7FC5C03-2E2E-42D1-8BF8-E124D540D492} = {621D425A-AB43-4A37-9109-C1E6E71317AC}
	EndGlobalSection
EndGlobal
